
Microsoft Visual Studio Solution File, Format Version 12.00
# Visual Studio Version 16
VisualStudioVersion = 16.0.29503.13
MinimumVisualStudioVersion = 10.0.40219.1
Project("{FAE04EC0-301F-11D3-BF4B-00C04F79EFBC}") = "Generrate_Passwords", "Generrate_Passwords\Generrate_Passwords.csproj", "{94766759-9B42-4F56-B145-003194EC6B87}"
EndProject
Project("{FAE04EC0-301F-11D3-BF4B-00C04F79EFBC}") = "password_generator", "password_generator\password_generator.csproj", "{79525DE3-3793-4D32-9219-624328862EB8}"
EndProject
Global
	GlobalSection(SolutionConfigurationPlatforms) = preSolution
		Debug|Any CPU = Debug|Any CPU
		Release|Any CPU = Release|Any CPU
	EndGlobalSection
	GlobalSection(ProjectConfigurationPlatforms) = postSolution
		{94766759-9B42-4F56-B145-003194EC6B87}.Debug|Any CPU.ActiveCfg = Debug|Any CPU
		{94766759-9B42-4F56-B145-003194EC6B87}.Debug|Any CPU.Build.0 = Debug|Any CPU
		{94766759-9B42-4F56-B145-003194EC6B87}.Release|Any CPU.ActiveCfg = Release|Any CPU
		{94766759-9B42-4F56-B145-003194EC6B87}.Release|Any CPU.Build.0 = Release|Any CPU
		{79525DE3-3793-4D32-9219-624328862EB8}.Debug|Any CPU.ActiveCfg = Debug|Any CPU
		{79525DE3-3793-4D32-9219-624328862EB8}.Debug|Any CPU.Build.0 = Debug|Any CPU
		{79525DE3-3793-4D32-9219-624328862EB8}.Release|Any CPU.ActiveCfg = Release|Any CPU
		{79525DE3-3793-4D32-9219-624328862EB8}.Release|Any CPU.Build.0 = Release|Any CPU
	EndGlobalSection
	GlobalSection(SolutionProperties) = preSolution
		HideSolutionNode = FALSE
	EndGlobalSection
	GlobalSection(ExtensibilityGlobals) = postSolution
		SolutionGuid = {A88B561D-7711-419F-9532-DA5AC8F5372D}
	EndGlobalSection
EndGlobal
